
Microsoft Visual Studio Solution File, Format Version 12.00
# Visual Studio Version 16
VisualStudioVersion = 16.0.30621.155
MinimumVisualStudioVersion = 10.0.40219.1
Project("{FAE04EC0-301F-11D3-BF4B-00C04F79EFBC}") = "GameDuaXe", "GameDuaXe\GameDuaXe.csproj", "{FF1E3DED-88FF-47EA-A352-5EF055B1F6B5}"
EndProject
Global
	GlobalSection(SolutionConfigurationPlatforms) = preSolution
		Debug|Any CPU = Debug|Any CPU
		Debug|x64 = Debug|x64
		Debug|x86 = Debug|x86
		Release|Any CPU = Release|Any CPU
		Release|x64 = Release|x64
		Release|x86 = Release|x86
	EndGlobalSection
	GlobalSection(ProjectConfigurationPlatforms) = postSolution
		{FF1E3DED-88FF-47EA-A352-5EF055B1F6B5}.Debug|Any CPU.ActiveCfg = Debug|Any CPU
		{FF1E3DED-88FF-47EA-A352-5EF055B1F6B5}.Debug|Any CPU.Build.0 = Debug|Any CPU
		{FF1E3DED-88FF-47EA-A352-5EF055B1F6B5}.Debug|x64.ActiveCfg = Debug|Any CPU
		{FF1E3DED-88FF-47EA-A352-5EF055B1F6B5}.Debug|x64.Build.0 = Debug|Any CPU
		{FF1E3DED-88FF-47EA-A352-5EF055B1F6B5}.Debug|x86.ActiveCfg = Debug|Any CPU
		{FF1E3DED-88FF-47EA-A352-5EF055B1F6B5}.Debug|x86.Build.0 = Debug|Any CPU
		{FF1E3DED-88FF-47EA-A352-5EF055B1F6B5}.Release|Any CPU.ActiveCfg = Release|Any CPU
		{FF1E3DED-88FF-47EA-A352-5EF055B1F6B5}.Release|Any CPU.Build.0 = Release|Any CPU
		{FF1E3DED-88FF-47EA-A352-5EF055B1F6B5}.Release|x64.ActiveCfg = Release|Any CPU
		{FF1E3DED-88FF-47EA-A352-5EF055B1F6B5}.Release|x64.Build.0 = Release|Any CPU
		{FF1E3DED-88FF-47EA-A352-5EF055B1F6B5}.Release|x86.ActiveCfg = Release|Any CPU
		{FF1E3DED-88FF-47EA-A352-5EF055B1F6B5}.Release|x86.Build.0 = Release|Any CPU
	EndGlobalSection
	GlobalSection(SolutionProperties) = preSolution
		HideSolutionNode = FALSE
	EndGlobalSection
	GlobalSection(ExtensibilityGlobals) = postSolution
		SolutionGuid = {9B13C57C-92F2-4C9A-B031-2F2C14810056}
	EndGlobalSection
EndGlobal
